
Microsoft Visual Studio Solution File, Format Version 12.00
# Visual Studio Version 16
VisualStudioVersion = 16.0.32602.291
MinimumVisualStudioVersion = 10.0.40219.1
Project("{FAE04EC0-301F-11D3-BF4B-00C04F79EFBC}") = "SharpHollowing", "SharpHollowing\SharpHollowing.csproj", "{1A1589F8-0C60-477E-B423-ACD046FC59C2}"
EndProject
Global
	GlobalSection(SolutionConfigurationPlatforms) = preSolution
		Debug|Any CPU = Debug|Any CPU
		Release|Any CPU = Release|Any CPU
	EndGlobalSection
	GlobalSection(ProjectConfigurationPlatforms) = postSolution
		{1A1589F8-0C60-477E-B423-ACD046FC59C2}.Debug|Any CPU.ActiveCfg = Debug|Any CPU
		{1A1589F8-0C60-477E-B423-ACD046FC59C2}.Debug|Any CPU.Build.0 = Debug|Any CPU
		{1A1589F8-0C60-477E-B423-ACD046FC59C2}.Release|Any CPU.ActiveCfg = Release|Any CPU
		{1A1589F8-0C60-477E-B423-ACD046FC59C2}.Release|Any CPU.Build.0 = Release|Any CPU
	EndGlobalSection
	GlobalSection(SolutionProperties) = preSolution
		HideSolutionNode = FALSE
	EndGlobalSection
	GlobalSection(ExtensibilityGlobals) = postSolution
		SolutionGuid = {B9B42F5F-B7E3-4E5B-9F4B-9804D9C45904}
	EndGlobalSection
EndGlobal
